
Microsoft Visual Studio Solution File, Format Version 12.00
# Visual Studio Version 17
VisualStudioVersion = 17.5.33516.290
MinimumVisualStudioVersion = 10.0.40219.1
Project("{FAE04EC0-301F-11D3-BF4B-00C04F79EFBC}") = "ConfigFiller", "ConfigFiller\ConfigFiller.csproj", "{AE44F66E-9214-409D-81B6-40E0C4FA3DCB}"
EndProject
Global
	GlobalSection(SolutionConfigurationPlatforms) = preSolution
		Debug|Any CPU = Debug|Any CPU
		Release|Any CPU = Release|Any CPU
	EndGlobalSection
	GlobalSection(ProjectConfigurationPlatforms) = postSolution
		{AE44F66E-9214-409D-81B6-40E0C4FA3DCB}.Debug|Any CPU.ActiveCfg = Debug|Any CPU
		{AE44F66E-9214-409D-81B6-40E0C4FA3DCB}.Debug|Any CPU.Build.0 = Debug|Any CPU
		{AE44F66E-9214-409D-81B6-40E0C4FA3DCB}.Release|Any CPU.ActiveCfg = Release|Any CPU
		{AE44F66E-9214-409D-81B6-40E0C4FA3DCB}.Release|Any CPU.Build.0 = Release|Any CPU
	EndGlobalSection
	GlobalSection(SolutionProperties) = preSolution
		HideSolutionNode = FALSE
	EndGlobalSection
	GlobalSection(ExtensibilityGlobals) = postSolution
		SolutionGuid = {1491766D-9CC6-4597-ABE3-70405C09D1D6}
	EndGlobalSection
EndGlobal
